// !$*UTF8*$!
{
	archiveVersion = 1;
	classes = {
	};
	objectVersion = 50;
	objects = {

/* Begin PBXBuildFile section */
		6E41380D5CA2CD6E232479FF /* libPods-cocoapodsText.a in Frameworks */ = {isa = PBXBuildFile; fileRef = 55F247D45BC5800D779B9D3B /* libPods-cocoapodsText.a */; };
		84F2871A232BC41C0011FA65 /* AppDelegate.m in Sources */ = {isa = PBXBuildFile; fileRef = 84F28719232BC41C0011FA65 /* AppDelegate.m */; };
		84F2871D232BC41C0011FA65 /* ViewController.m in Sources */ = {isa = PBXBuildFile; fileRef = 84F2871C232BC41C0011FA65 /* ViewController.m */; };
		84F28720232BC41C0011FA65 /* Main.storyboard in Resources */ = {isa = PBXBuildFile; fileRef = 84F2871E232BC41C0011FA65 /* Main.storyboard */; };
		84F28722232BC41E0011FA65 /* Assets.xcassets in Resources */ = {isa = PBXBuildFile; fileRef = 84F28721232BC41E0011FA65 /* Assets.xcassets */; };
		84F28725232BC41E0011FA65 /* LaunchScreen.storyboard in Resources */ = {isa = PBXBuildFile; fileRef = 84F28723232BC41E0011FA65 /* LaunchScreen.storyboard */; };
		84F28728232BC41E0011FA65 /* main.m in Sources */ = {isa = PBXBuildFile; fileRef = 84F28727232BC41E0011FA65 /* main.m */; };
		84F28730232C83270011FA65 /* RegisterViewController.m in Sources */ = {isa = PBXBuildFile; fileRef = 84F2872F232C83270011FA65 /* RegisterViewController.m */; };
		84F28733232C87FB0011FA65 /* PassValueDelegate.m in Sources */ = {isa = PBXBuildFile; fileRef = 84F28732232C87FB0011FA65 /* PassValueDelegate.m */; };
/* End PBXBuildFile section */

/* Begin PBXFileReference section */
		55F247D45BC5800D779B9D3B /* libPods-cocoapodsText.a */ = {isa = PBXFileReference; explicitFileType = archive.ar; includeInIndex = 0; path = "libPods-cocoapodsText.a"; sourceTree = BUILT_PRODUCTS_DIR; };
		67561663B6EECDD05C62AC17 /* Pods-cocoapodsText.release.xcconfig */ = {isa = PBXFileReference; includeInIndex = 1; lastKnownFileType = text.xcconfig; name = "Pods-cocoapodsText.release.xcconfig"; path = "Target Support Files/Pods-cocoapodsText/Pods-cocoapodsText.release.xcconfig"; sourceTree = "<group>"; };
		84F28715232BC41C0011FA65 /* cocoapodsText.app */ = {isa = PBXFileReference; explicitFileType = wrapper.application; includeInIndex = 0; path = cocoapodsText.app; sourceTree = BUILT_PRODUCTS_DIR; };
		84F28718232BC41C0011FA65 /* AppDelegate.h */ = {isa = PBXFileReference; lastKnownFileType = sourcecode.c.h; path = AppDelegate.h; sourceTree = "<group>"; };
		84F28719232BC41C0011FA65 /* AppDelegate.m */ = {isa = PBXFileReference; lastKnownFileType = sourcecode.c.objc; path = AppDelegate.m; sourceTree = "<group>"; };
		84F2871B232BC41C0011FA65 /* ViewController.h */ = {isa = PBXFileReference; lastKnownFileType = sourcecode.c.h; path = ViewController.h; sourceTree = "<group>"; };
		84F2871C232BC41C0011FA65 /* ViewController.m */ = {isa = PBXFileReference; lastKnownFileType = sourcecode.c.objc; path = ViewController.m; sourceTree = "<group>"; };
		84F2871F232BC41C0011FA65 /* Base */ = {isa = PBXFileReference; lastKnownFileType = file.storyboard; name = Base; path = Base.lproj/Main.storyboard; sourceTree = "<group>"; };
		84F28721232BC41E0011FA65 /* Assets.xcassets */ = {isa = PBXFileReference; lastKnownFileType = folder.assetcatalog; path = Assets.xcassets; sourceTree = "<group>"; };
		84F28724232BC41E0011FA65 /* Base */ = {isa = PBXFileReference; lastKnownFileType = file.storyboard; name = Base; path = Base.lproj/LaunchScreen.storyboard; sourceTree = "<group>"; };
		84F28726232BC41E0011FA65 /* Info.plist */ = {isa = PBXFileReference; lastKnownFileType = text.plist.xml; path = Info.plist; sourceTree = "<group>"; };
		84F28727232BC41E0011FA65 /* main.m */ = {isa = PBXFileReference; lastKnownFileType = sourcecode.c.objc; path = main.m; sourceTree = "<group>"; };
		84F2872E232C83270011FA65 /* RegisterViewController.h */ = {isa = PBXFileReference; lastKnownFileType = sourcecode.c.h; path = RegisterViewController.h; sourceTree = "<group>"; };
		84F2872F232C83270011FA65 /* RegisterViewController.m */ = {isa = PBXFileReference; lastKnownFileType = sourcecode.c.objc; path = RegisterViewController.m; sourceTree = "<group>"; };
		84F28731232C87FB0011FA65 /* PassValueDelegate.h */ = {isa = PBXFileReference; lastKnownFileType = sourcecode.c.h; path = PassValueDelegate.h; sourceTree = "<group>"; };
		84F28732232C87FB0011FA65 /* PassValueDelegate.m */ = {isa = PBXFileReference; lastKnownFileType = sourcecode.c.objc; path = PassValueDelegate.m; sourceTree = "<group>"; };
		A1A4F639D79C7342DFCC3775 /* Pods-cocoapodsText.debug.xcconfig */ = {isa = PBXFileReference; includeInIndex = 1; lastKnownFileType = text.xcconfig; name = "Pods-cocoapodsText.debug.xcconfig"; path = "Target Support Files/Pods-cocoapodsText/Pods-cocoapodsText.debug.xcconfig"; sourceTree = "<group>"; };
/* End PBXFileReference section */

/* Begin PBXFrameworksBuildPhase section */
		84F28712232BC41C0011FA65 /* Frameworks */ = {
			isa = PBXFrameworksBuildPhase;
			buildActionMask = 2147483647;
			files = (
				6E41380D5CA2CD6E232479FF /* libPods-cocoapodsText.a in Frameworks */,
			);
			runOnlyForDeploymentPostprocessing = 0;
		};
/* End PBXFrameworksBuildPhase section */

/* Begin PBXGroup section */
		84F2870C232BC41C0011FA65 = {
			isa = PBXGroup;
			children = (
				84F28717232BC41C0011FA65 /* cocoapodsText */,
				84F28716232BC41C0011FA65 /* Products */,
				D8CDBB2FC125679DBFCDAFC5 /* Pods */,
				B90F2FC2F92994F59CA1E0BD /* Frameworks */,
			);
			sourceTree = "<group>";
		};
		84F28716232BC41C0011FA65 /* Products */ = {
			isa = PBXGroup;
			children = (
				84F28715232BC41C0011FA65 /* cocoapodsText.app */,
			);
			name = Products;
			sourceTree = "<group>";
		};
		84F28717232BC41C0011FA65 /* cocoapodsText */ = {
			isa = PBXGroup;
			children = (
				84F28718232BC41C0011FA65 /* AppDelegate.h */,
				84F28719232BC41C0011FA65 /* AppDelegate.m */,
				84F2871B232BC41C0011FA65 /* ViewController.h */,
				84F2871C232BC41C0011FA65 /* ViewController.m */,
				84F28731232C87FB0011FA65 /* PassValueDelegate.h */,
				84F28732232C87FB0011FA65 /* PassValueDelegate.m */,
				84F2872E232C83270011FA65 /* RegisterViewController.h */,
				84F2872F232C83270011FA65 /* RegisterViewController.m */,
				84F2871E232BC41C0011FA65 /* Main.storyboard */,
				84F28721232BC41E0011FA65 /* Assets.xcassets */,
				84F28723232BC41E0011FA65 /* LaunchScreen.storyboard */,
				84F28726232BC41E0011FA65 /* Info.plist */,
				84F28727232BC41E0011FA65 /* main.m */,
			);
			path = cocoapodsText;
			sourceTree = "<group>";
		};
		B90F2FC2F92994F59CA1E0BD /* Frameworks */ = {
			isa = PBXGroup;
			children = (
				55F247D45BC5800D779B9D3B /* libPods-cocoapodsText.a */,
			);
			name = Frameworks;
			sourceTree = "<group>";
		};
		D8CDBB2FC125679DBFCDAFC5 /* Pods */ = {
			isa = PBXGroup;
			children = (
				A1A4F639D79C7342DFCC3775 /* Pods-cocoapodsText.debug.xcconfig */,
				67561663B6EECDD05C62AC17 /* Pods-cocoapodsText.release.xcconfig */,
			);
			path = Pods;
			sourceTree = "<group>";
		};
/* End PBXGroup section */

/* Begin PBXNativeTarget section */
		84F28714232BC41C0011FA65 /* cocoapodsText */ = {
			isa = PBXNativeTarget;
			buildConfigurationList = 84F2872B232BC41E0011FA65 /* Build configuration list for PBXNativeTarget "cocoapodsText" */;
			buildPhases = (
				6A503F9995BBE136D3F7858C /* [CP] Check Pods Manifest.lock */,
				84F28711232BC41C0011FA65 /* Sources */,
				84F28712232BC41C0011FA65 /* Frameworks */,
				84F28713232BC41C0011FA65 /* Resources */,
			);
			buildRules = (
			);
			dependencies = (
			);
			name = cocoapodsText;
			productName = cocoapodsText;
			productReference = 84F28715232BC41C0011FA65 /* cocoapodsText.app */;
			productType = "com.apple.product-type.application";
		};
/* End PBXNativeTarget section */

/* Begin PBXProject section */
		84F2870D232BC41C0011FA65 /* Project object */ = {
			isa = PBXProject;
			attributes = {
				LastUpgradeCheck = 1030;
				ORGANIZATIONNAME = "王天亮";
				TargetAttributes = {
					84F28714232BC41C0011FA65 = {
						CreatedOnToolsVersion = 10.3;
					};
				};
			};
			buildConfigurationList = 84F28710232BC41C0011FA65 /* Build configuration list for PBXProject "cocoapodsText" */;
			compatibilityVersion = "Xcode 9.3";
			developmentRegion = en;
			hasScannedForEncodings = 0;
			knownRegions = (
				en,
				Base,
			);
			mainGroup = 84F2870C232BC41C0011FA65;
			productRefGroup = 84F28716232BC41C0011FA65 /* Products */;
			projectDirPath = "";
			projectRoot = "";
			targets = (
				84F28714232BC41C0011FA65 /* cocoapodsText */,
			);
		};
/* End PBXProject section */

/* Begin PBXResourcesBuildPhase section */
		84F28713232BC41C0011FA65 /* Resources */ = {
			isa = PBXResourcesBuildPhase;
			buildActionMask = 2147483647;
			files = (
				84F28725232BC41E0011FA65 /* LaunchScreen.storyboard in Resources */,
				84F28722232BC41E0011FA65 /* Assets.xcassets in Resources */,
				84F28720232BC41C0011FA65 /* Main.storyboard in Resources */,
			);
			runOnlyForDeploymentPostprocessing = 0;
		};
/* End PBXResourcesBuildPhase section */

/* Begin PBXShellScriptBuildPhase section */
		6A503F9995BBE136D3F7858C /* [CP] Check Pods Manifest.lock */ = {
			isa = PBXShellScriptBuildPhase;
			buildActionMask = 2147483647;
			files = (
			);
			inputFileListPaths = (
			);
			inputPaths = (
				"${PODS_PODFILE_DIR_PATH}/Podfile.lock",
				"${PODS_ROOT}/Manifest.lock",
			);
			name = "[CP] Check Pods Manifest.lock";
			outputFileListPaths = (
			);
			outputPaths = (
				"$(DERIVED_FILE_DIR)/Pods-cocoapodsText-checkManifestLockResult.txt",
			);
			runOnlyForDeploymentPostprocessing = 0;
			shellPath = /bin/sh;
			shellScript = "diff \"${PODS_PODFILE_DIR_PATH}/Podfile.lock\" \"${PODS_ROOT}/Manifest.lock\" > /dev/null\nif [ $? != 0 ] ; then\n    # print error to STDERR\n    echo \"error: The sandbox is not in sync with the Podfile.lock. Run 'pod install' or update your CocoaPods installation.\" >&2\n    exit 1\nfi\n# This output is used by Xcode 'outputs' to avoid re-running this script phase.\necho \"SUCCESS\" > \"${SCRIPT_OUTPUT_FILE_0}\"\n";
			showEnvVarsInLog = 0;
		};
/* End PBXShellScriptBuildPhase section */

/* Begin PBXSourcesBuildPhase section */
		84F28711232BC41C0011FA65 /* Sources */ = {
			isa = PBXSourcesBuildPhase;
			buildActionMask = 2147483647;
			files = (
				84F2871D232BC41C0011FA65 /* ViewController.m in Sources */,
				84F28728232BC41E0011FA65 /* main.m in Sources */,
				84F2871A232BC41C0011FA65 /* AppDelegate.m in Sources */,
				84F28733232C87FB0011FA65 /* PassValueDelegate.m in Sources */,
				84F28730232C83270011FA65 /* RegisterViewController.m in Sources */,
			);
			runOnlyForDeploymentPostprocessing = 0;
		};
/* End PBXSourcesBuildPhase section */

/* Begin PBXVariantGroup section */
		84F2871E232BC41C0011FA65 /* Main.storyboard */ = {
			isa = PBXVariantGroup;
			children = (
				84F2871F232BC41C0011FA65 /* Base */,
			);
			name = Main.storyboard;
			sourceTree = "<group>";
		};
		84F28723232BC41E0011FA65 /* LaunchScreen.storyboard */ = {
			isa = PBXVariantGroup;
			children = (
				84F28724232BC41E0011FA65 /* Base */,
			);
			name = LaunchScreen.storyboard;
			sourceTree = "<group>";
		};
/* End PBXVariantGroup section */

/* Begin XCBuildConfiguration section */
		84F28729232BC41E0011FA65 /* Debug */ = {
			isa = XCBuildConfiguration;
			buildSettings = {
				ALWAYS_SEARCH_USER_PATHS = NO;
				CLANG_ANALYZER_NONNULL = YES;
				CLANG_ANALYZER_NUMBER_OBJECT_CONVERSION = YES_AGGRESSIVE;
				CLANG_CXX_LANGUAGE_STANDARD = "gnu++14";
				CLANG_CXX_LIBRARY = "libc++";
				CLANG_ENABLE_MODULES = YES;
				CLANG_ENABLE_OBJC_ARC = YES;
				CLANG_ENABLE_OBJC_WEAK = YES;
				CLANG_WARN_BLOCK_CAPTURE_AUTORELEASING = YES;
				CLANG_WARN_BOOL_CONVERSION = YES;
				CLANG_WARN_COMMA = YES;
				CLANG_WARN_CONSTANT_CONVERSION = YES;
				CLANG_WARN_DEPRECATED_OBJC_IMPLEMENTATIONS = YES;
				CLANG_WARN_DIRECT_OBJC_ISA_USAGE = YES_ERROR;
				CLANG_WARN_DOCUMENTATION_COMMENTS = YES;
				CLANG_WARN_EMPTY_BODY = YES;
				CLANG_WARN_ENUM_CONVERSION = YES;
				CLANG_WARN_INFINITE_RECURSION = YES;
				CLANG_WARN_INT_CONVERSION = YES;
				CLANG_WARN_NON_LITERAL_NULL_CONVERSION = YES;
				CLANG_WARN_OBJC_IMPLICIT_RETAIN_SELF = YES;
				CLANG_WARN_OBJC_LITERAL_CONVERSION = YES;
				CLANG_WARN_OBJC_ROOT_CLASS = YES_ERROR;
				CLANG_WARN_RANGE_LOOP_ANALYSIS = YES;
				CLANG_WARN_STRICT_PROTOTYPES = YES;
				CLANG_WARN_SUSPICIOUS_MOVE = YES;
				CLANG_WARN_UNGUARDED_AVAILABILITY = YES_AGGRESSIVE;
				CLANG_WARN_UNREACHABLE_CODE = YES;
				CLANG_WARN__DUPLICATE_METHOD_MATCH = YES;
				CODE_SIGN_IDENTITY = "iPhone Developer";
				COPY_PHASE_STRIP = NO;
				DEBUG_INFORMATION_FORMAT = dwarf;
				ENABLE_STRICT_OBJC_MSGSEND = YES;
				ENABLE_TESTABILITY = YES;
				GCC_C_LANGUAGE_STANDARD = gnu11;
				GCC_DYNAMIC_NO_PIC = NO;
				GCC_NO_COMMON_BLOCKS = YES;
				GCC_OPTIMIZATION_LEVEL = 0;
				GCC_PREPROCESSOR_DEFINITIONS = (
					"DEBUG=1",
					"$(inherited)",
				);
				GCC_WARN_64_TO_32_BIT_CONVERSION = YES;
				GCC_WARN_ABOUT_RETURN_TYPE = YES_ERROR;
				GCC_WARN_UNDECLARED_SELECTOR = YES;
				GCC_WARN_UNINITIALIZED_AUTOS = YES_AGGRESSIVE;
				GCC_WARN_UNUSED_FUNCTION = YES;
				GCC_WARN_UNUSED_VARIABLE = YES;
				IPHONEOS_DEPLOYMENT_TARGET = 12.4;
				MTL_ENABLE_DEBUG_INFO = INCLUDE_SOURCE;
				MTL_FAST_MATH = YES;
				ONLY_ACTIVE_ARCH = YES;
				SDKROOT = iphoneos;
			};
			name = Debug;
		};
		84F2872A232BC41E0011FA65 /* Release */ = {
			isa = XCBuildConfiguration;
			buildSettings = {
				ALWAYS_SEARCH_USER_PATHS = NO;
				CLANG_ANALYZER_NONNULL = YES;
				CLANG_ANALYZER_NUMBER_OBJECT_CONVERSION = YES_AGGRESSIVE;
				CLANG_CXX_LANGUAGE_STANDARD = "gnu++14";
				CLANG_CXX_LIBRARY = "libc++";
				CLANG_ENABLE_MODULES = YES;
				CLANG_ENABLE_OBJC_ARC = YES;
				CLANG_ENABLE_OBJC_WEAK = YES;
				CLANG_WARN_BLOCK_CAPTURE_AUTORELEASING = YES;
				CLANG_WARN_BOOL_CONVERSION = YES;
				CLANG_WARN_COMMA = YES;
				CLANG_WARN_CONSTANT_CONVERSION = YES;
				CLANG_WARN_DEPRECATED_OBJC_IMPLEMENTATIONS = YES;
				CLANG_WARN_DIRECT_OBJC_ISA_USAGE = YES_ERROR;
				CLANG_WARN_DOCUMENTATION_COMMENTS = YES;
				CLANG_WARN_EMPTY_BODY = YES;
				CLANG_WARN_ENUM_CONVERSION = YES;
				CLANG_WARN_INFINITE_RECURSION = YES;
				CLANG_WARN_INT_CONVERSION = YES;
				CLANG_WARN_NON_LITERAL_NULL_CONVERSION = YES;
				CLANG_WARN_OBJC_IMPLICIT_RETAIN_SELF = YES;
				CLANG_WARN_OBJC_LITERAL_CONVERSION = YES;
				CLANG_WARN_OBJC_ROOT_CLASS = YES_ERROR;
				CLANG_WARN_RANGE_LOOP_ANALYSIS = YES;
				CLANG_WARN_STRICT_PROTOTYPES = YES;
				CLANG_WARN_SUSPICIOUS_MOVE = YES;
				CLANG_WARN_UNGUARDED_AVAILABILITY = YES_AGGRESSIVE;
				CLANG_WARN_UNREACHABLE_CODE = YES;
				CLANG_WARN__DUPLICATE_METHOD_MATCH = YES;
				CODE_SIGN_IDENTITY = "iPhone Developer";
				COPY_PHASE_STRIP = NO;
				DEBUG_INFORMATION_FORMAT = "dwarf-with-dsym";
				ENABLE_NS_ASSERTIONS = NO;
				ENABLE_STRICT_OBJC_MSGSEND = YES;
				GCC_C_LANGUAGE_STANDARD = gnu11;
				GCC_NO_COMMON_BLOCKS = YES;
				GCC_WARN_64_TO_32_BIT_CONVERSION = YES;
				GCC_WARN_ABOUT_RETURN_TYPE = YES_ERROR;
				GCC_WARN_UNDECLARED_SELECTOR = YES;
				GCC_WARN_UNINITIALIZED_AUTOS = YES_AGGRESSIVE;
				GCC_WARN_UNUSED_FUNCTION = YES;
				GCC_WARN_UNUSED_VARIABLE = YES;
				IPHONEOS_DEPLOYMENT_TARGET = 12.4;
				MTL_ENABLE_DEBUG_INFO = NO;
				MTL_FAST_MATH = YES;
				SDKROOT = iphoneos;
				VALIDATE_PRODUCT = YES;
			};
			name = Release;
		};
		84F2872C232BC41E0011FA65 /* Debug */ = {
			isa = XCBuildConfiguration;
			baseConfigurationReference = A1A4F639D79C7342DFCC3775 /* Pods-cocoapodsText.debug.xcconfig */;
			buildSettings = {
				ASSETCATALOG_COMPILER_APPICON_NAME = AppIcon;
				CODE_SIGN_STYLE = Automatic;
				INFOPLIST_FILE = cocoapodsText/Info.plist;
				LD_RUNPATH_SEARCH_PATHS = (
					"$(inherited)",
					"@executable_path/Frameworks",
				);
				PRODUCT_BUNDLE_IDENTIFIER = "--.cocoapodsText";
				PRODUCT_NAME = "$(TARGET_NAME)";
				TARGETED_DEVICE_FAMILY = "1,2";
			};
			name = Debug;
		};
		84F2872D232BC41E0011FA65 /* Release */ = {
			isa = XCBuildConfiguration;
			baseConfigurationReference = 67561663B6EECDD05C62AC17 /* Pods-cocoapodsText.release.xcconfig */;
			buildSettings = {
				ASSETCATALOG_COMPILER_APPICON_NAME = AppIcon;
				CODE_SIGN_STYLE = Automatic;
				INFOPLIST_FILE = cocoapodsText/Info.plist;
				LD_RUNPATH_SEARCH_PATHS = (
					"$(inherited)",
					"@executable_path/Frameworks",
				);
				PRODUCT_BUNDLE_IDENTIFIER = "--.cocoapodsText";
				PRODUCT_NAME = "$(TARGET_NAME)";
				TARGETED_DEVICE_FAMILY = "1,2";
			};
			name = Release;
		};
/* End XCBuildConfiguration section */

/* Begin XCConfigurationList section */
		84F28710232BC41C0011FA65 /* Build configuration list for PBXProject "cocoapodsText" */ = {
			isa = XCConfigurationList;
			buildConfigurations = (
				84F28729232BC41E0011FA65 /* Debug */,
				84F2872A232BC41E0011FA65 /* Release */,
			);
			defaultConfigurationIsVisible = 0;
			defaultConfigurationName = Release;
		};
		84F2872B232BC41E0011FA65 /* Build configuration list for PBXNativeTarget "cocoapodsText" */ = {
			isa = XCConfigurationList;
			buildConfigurations = (
				84F2872C232BC41E0011FA65 /* Debug */,
				84F2872D232BC41E0011FA65 /* Release */,
			);
			defaultConfigurationIsVisible = 0;
			defaultConfigurationName = Release;
		};
/* End XCConfigurationList section */
	};
	rootObject = 84F2870D232BC41C0011FA65 /* Project object */;
}
